%{
  "jsv": {:hex, :jsv, "0.3.0", "7fe13c2ccecfc47dca2f86dcca3ab5a76063c9d6f615f9cdcc69f9283fc50123", [:mix], [{:abnf_parsec, "~> 1.2.3 or ~> 1.3", [hex: :abnf_parsec, repo: "hexpm", optional: true]}, {:jason, "~> 1.0", [hex: :jason, repo: "hexpm", optional: true]}, {:mail_address, "~> 1.0", [hex: :mail_address, repo: "hexpm", optional: true]}, {:nimble_options, "~> 1.0", [hex: :nimble_options, repo: "hexpm", optional: false]}, {:poison, "~> 5.0 or ~> 6.0", [hex: :poison, repo: "hexpm", optional: true]}], "hexpm", "f660630f4324da8717a5c5f5e3d06e062aa54d922c45acd3f81dcf8df603c355"},
  "nimble_options": {:hex, :nimble_options, "1.1.1", "e3a492d54d85fc3fd7c5baf411d9d2852922f66e69476317787a7b2bb000a61b", [:mix], [], "hexpm", "821b2470ca9442c4b6984882fe9bb0389371b8ddec4d45a9504f00a66f650b44"},
}
