{
    "_readme": [
        "This file locks the dependencies of your project to a known state",
        "Read more about it at https://getcomposer.org/doc/01-basic-usage.md#installing-dependencies",
        "This file is @generated automatically"
    ],
    "content-hash": "30df81926ed35486d084c89adbd0ad28",
    "packages": [
        {
            "name": "justinrainbow/json-schema",
            "version": "6.4.1",
            "source": {
                "type": "git",
                "url": "https://github.com/jsonrainbow/json-schema.git",
                "reference": "35d262c94959571e8736db1e5c9bc36ab94ae900"
            },
            "dist": {
                "type": "zip",
                "url": "https://api.github.com/repos/jsonrainbow/json-schema/zipball/35d262c94959571e8736db1e5c9bc36ab94ae900",
                "reference": "35d262c94959571e8736db1e5c9bc36ab94ae900",
                "shasum": ""
            },
            "require": {
                "ext-json": "*",
                "marc-mabe/php-enum": "^4.0",
                "php": "^7.2 || ^8.0"
            },
            "require-dev": {
                "friendsofphp/php-cs-fixer": "3.3.0",
                "json-schema/json-schema-test-suite": "1.2.0",
                "marc-mabe/php-enum-phpstan": "^2.0",
                "phpspec/prophecy": "^1.19",
                "phpstan/phpstan": "^1.12",
                "phpunit/phpunit": "^8.5"
            },
            "bin": [
                "bin/validate-json"
            ],
            "type": "library",
            "extra": {
                "branch-alias": {
                    "dev-master": "6.x-dev"
                }
            },
            "autoload": {
                "psr-4": {
                    "JsonSchema\\": "src/JsonSchema/"
                }
            },
            "notification-url": "https://packagist.org/downloads/",
            "license": [
                "MIT"
            ],
            "authors": [
                {
                    "name": "Bruno Prieto Reis",
                    "email": "bruno.p.reis@gmail.com"
                },
                {
                    "name": "Justin Rainbow",
                    "email": "justin.rainbow@gmail.com"
                },
                {
                    "name": "Igor Wiedler",
                    "email": "igor@wiedler.ch"
                },
                {
                    "name": "Robert Schönthal",
                    "email": "seroscho@googlemail.com"
                }
            ],
            "description": "A library to validate a json schema.",
            "homepage": "https://github.com/jsonrainbow/json-schema",
            "keywords": [
                "json",
                "schema"
            ],
            "support": {
                "issues": "https://github.com/jsonrainbow/json-schema/issues",
                "source": "https://github.com/jsonrainbow/json-schema/tree/6.4.1"
            },
            "time": "2025-04-04T13:08:07+00:00"
        },
        {
            "name": "marc-mabe/php-enum",
            "version": "v4.7.1",
            "source": {
                "type": "git",
                "url": "https://github.com/marc-mabe/php-enum.git",
                "reference": "7159809e5cfa041dca28e61f7f7ae58063aae8ed"
            },
            "dist": {
                "type": "zip",
                "url": "https://api.github.com/repos/marc-mabe/php-enum/zipball/7159809e5cfa041dca28e61f7f7ae58063aae8ed",
                "reference": "7159809e5cfa041dca28e61f7f7ae58063aae8ed",
                "shasum": ""
            },
            "require": {
                "ext-reflection": "*",
                "php": "^7.1 | ^8.0"
            },
            "require-dev": {
                "phpbench/phpbench": "^0.16.10 || ^1.0.4",
                "phpstan/phpstan": "^1.3.1",
                "phpunit/phpunit": "^7.5.20 | ^8.5.22 | ^9.5.11",
                "vimeo/psalm": "^4.17.0 | ^5.26.1"
            },
            "type": "library",
            "extra": {
                "branch-alias": {
                    "dev-3.x": "3.2-dev",
                    "dev-master": "4.7-dev"
                }
            },
            "autoload": {
                "psr-4": {
                    "MabeEnum\\": "src/"
                },
                "classmap": [
                    "stubs/Stringable.php"
                ]
            },
            "notification-url": "https://packagist.org/downloads/",
            "license": [
                "BSD-3-Clause"
            ],
            "authors": [
                {
                    "name": "Marc Bennewitz",
                    "email": "dev@mabe.berlin",
                    "homepage": "https://mabe.berlin/",
                    "role": "Lead"
                }
            ],
            "description": "Simple and fast implementation of enumerations with native PHP",
            "homepage": "https://github.com/marc-mabe/php-enum",
            "keywords": [
                "enum",
                "enum-map",
                "enum-set",
                "enumeration",
                "enumerator",
                "enummap",
                "enumset",
                "map",
                "set",
                "type",
                "type-hint",
                "typehint"
            ],
            "support": {
                "issues": "https://github.com/marc-mabe/php-enum/issues",
                "source": "https://github.com/marc-mabe/php-enum/tree/v4.7.1"
            },
            "time": "2024-11-28T04:54:44+00:00"
        }
    ],
    "packages-dev": [
        {
            "name": "squizlabs/php_codesniffer",
            "version": "3.12.2",
            "source": {
                "type": "git",
                "url": "https://github.com/PHPCSStandards/PHP_CodeSniffer.git",
                "reference": "6d4cf6032d4b718f168c90a96e36c7d0eaacb2aa"
            },
            "dist": {
                "type": "zip",
                "url": "https://api.github.com/repos/PHPCSStandards/PHP_CodeSniffer/zipball/6d4cf6032d4b718f168c90a96e36c7d0eaacb2aa",
                "reference": "6d4cf6032d4b718f168c90a96e36c7d0eaacb2aa",
                "shasum": ""
            },
            "require": {
                "ext-simplexml": "*",
                "ext-tokenizer": "*",
                "ext-xmlwriter": "*",
                "php": ">=5.4.0"
            },
            "require-dev": {
                "phpunit/phpunit": "^4.0 || ^5.0 || ^6.0 || ^7.0 || ^8.0 || ^9.3.4"
            },
            "bin": [
                "bin/phpcbf",
                "bin/phpcs"
            ],
            "type": "library",
            "extra": {
                "branch-alias": {
                    "dev-master": "3.x-dev"
                }
            },
            "notification-url": "https://packagist.org/downloads/",
            "license": [
                "BSD-3-Clause"
            ],
            "authors": [
                {
                    "name": "Greg Sherwood",
                    "role": "Former lead"
                },
                {
                    "name": "Juliette Reinders Folmer",
                    "role": "Current lead"
                },
                {
                    "name": "Contributors",
                    "homepage": "https://github.com/PHPCSStandards/PHP_CodeSniffer/graphs/contributors"
                }
            ],
            "description": "PHP_CodeSniffer tokenizes PHP, JavaScript and CSS files and detects violations of a defined set of coding standards.",
            "homepage": "https://github.com/PHPCSStandards/PHP_CodeSniffer",
            "keywords": [
                "phpcs",
                "standards",
                "static analysis"
            ],
            "support": {
                "issues": "https://github.com/PHPCSStandards/PHP_CodeSniffer/issues",
                "security": "https://github.com/PHPCSStandards/PHP_CodeSniffer/security/policy",
                "source": "https://github.com/PHPCSStandards/PHP_CodeSniffer",
                "wiki": "https://github.com/PHPCSStandards/PHP_CodeSniffer/wiki"
            },
            "funding": [
                {
                    "url": "https://github.com/PHPCSStandards",
                    "type": "github"
                },
                {
                    "url": "https://github.com/jrfnl",
                    "type": "github"
                },
                {
                    "url": "https://opencollective.com/php_codesniffer",
                    "type": "open_collective"
                },
                {
                    "url": "https://thanks.dev/u/gh/phpcsstandards",
                    "type": "thanks_dev"
                }
            ],
            "time": "2025-04-13T04:10:18+00:00"
        }
    ],
    "aliases": [],
    "minimum-stability": "stable",
    "stability-flags": [],
    "prefer-stable": false,
    "prefer-lowest": false,
    "platform": [],
    "platform-dev": [],
    "plugin-api-version": "2.3.0"
}
