{
  "originHash" : "483eb4ce3c6d3c7ab0aeee1a8bc346f2d545ba27fb157e581251650b59ffc173",
  "pins" : [
    {
      "identity" : "swift-json-schema",
      "kind" : "remoteSourceControl",
      "location" : "https://github.com/ajevans99/swift-json-schema.git",
      "state" : {
        "revision" : "f424a95444b1de4afe53b697a89ea43044a2694a",
        "version" : "0.9.1"
      }
    },
    {
      "identity" : "swift-syntax",
      "kind" : "remoteSourceControl",
      "location" : "https://github.com/swiftlang/swift-syntax",
      "state" : {
        "revision" : "0687f71944021d616d34d922343dcef086855920",
        "version" : "600.0.1"
      }
    }
  ],
  "version" : 3
}
